// !$*UTF8*$!
{
	archiveVersion = 1;
	classes = {
	};
	objectVersion = 46;
	objects = {

/* Begin PBXBuildFile section */
		031DD2CD1EBCE20E001881B7 /* FriendSearchViewController.swift in Sources */ = {isa = PBXBuildFile; fileRef = 031DD2CC1EBCE20E001881B7 /* FriendSearchViewController.swift */; };
		031DD2CF1EBCE230001881B7 /* FriendSearchCell.swift in Sources */ = {isa = PBXBuildFile; fileRef = 031DD2CE1EBCE230001881B7 /* FriendSearchCell.swift */; };
		031DD2D11EBCE875001881B7 /* FindFriendsCell.swift in Sources */ = {isa = PBXBuildFile; fileRef = 031DD2D01EBCE875001881B7 /* FindFriendsCell.swift */; };
		031DD2D81EBD28F5001881B7 /* SearchController.swift in Sources */ = {isa = PBXBuildFile; fileRef = 031DD2D71EBD28F5001881B7 /* SearchController.swift */; };
		0322D5411E2115C500239A3A /* LocationManager.swift in Sources */ = {isa = PBXBuildFile; fileRef = 0322D5401E2115C500239A3A /* LocationManager.swift */; };
		0322D5451E22393E00239A3A /* PermissionsViewController.swift in Sources */ = {isa = PBXBuildFile; fileRef = 0322D5441E22393E00239A3A /* PermissionsViewController.swift */; };
		0322D54B1E223B3500239A3A /* DefaultsKeysExtension.swift in Sources */ = {isa = PBXBuildFile; fileRef = 0322D54A1E223B3500239A3A /* DefaultsKeysExtension.swift */; };
		0322D54D1E22539C00239A3A /* CalendarManager.swift in Sources */ = {isa = PBXBuildFile; fileRef = 0322D54C1E22539C00239A3A /* CalendarManager.swift */; };
		0322D54F1E2256E600239A3A /* AccessRequired.swift in Sources */ = {isa = PBXBuildFile; fileRef = 0322D54E1E2256E600239A3A /* AccessRequired.swift */; };
		0322D5511E2272F000239A3A /* InviteViewController.swift in Sources */ = {isa = PBXBuildFile; fileRef = 0322D5501E2272F000239A3A /* InviteViewController.swift */; };
		0328E9111E2F9CF8003427C3 /* OpenSansSwift.framework in Frameworks */ = {isa = PBXBuildFile; fileRef = 0328E9101E2F9CF8003427C3 /* OpenSansSwift.framework */; };
		0328E9121E2F9CF8003427C3 /* OpenSansSwift.framework in Embed Frameworks */ = {isa = PBXBuildFile; fileRef = 0328E9101E2F9CF8003427C3 /* OpenSansSwift.framework */; settings = {ATTRIBUTES = (CodeSignOnCopy, RemoveHeadersOnCopy, ); }; };
		0332A4151E3BF3C2006E8DCF /* BasicHighlightedButton.swift in Sources */ = {isa = PBXBuildFile; fileRef = 0332A4141E3BF3C2006E8DCF /* BasicHighlightedButton.swift */; };
		0332A41B1E3E550D006E8DCF /* UsageStats.swift in Sources */ = {isa = PBXBuildFile; fileRef = 0332A41A1E3E550D006E8DCF /* UsageStats.swift */; };
		033375A51E256079000A5C21 /* NetworkManager.swift in Sources */ = {isa = PBXBuildFile; fileRef = 033375A41E256079000A5C21 /* NetworkManager.swift */; };
		033375A81E2685ED000A5C21 /* MeetingsViewController.swift in Sources */ = {isa = PBXBuildFile; fileRef = 033375A71E2685ED000A5C21 /* MeetingsViewController.swift */; };
		033375AA1E268646000A5C21 /* MeetingsTableViewCell.swift in Sources */ = {isa = PBXBuildFile; fileRef = 033375A91E268646000A5C21 /* MeetingsTableViewCell.swift */; };
		033375B01E268D0A000A5C21 /* MeetingDetailViewController.swift in Sources */ = {isa = PBXBuildFile; fileRef = 033375AF1E268D0A000A5C21 /* MeetingDetailViewController.swift */; };
		03422D331ED2E7EF009BB3F0 /* UINavigationBar+BottomBorder.swift in Sources */ = {isa = PBXBuildFile; fileRef = 03422D321ED2E7EF009BB3F0 /* UINavigationBar+BottomBorder.swift */; };
		03422D351ED2F171009BB3F0 /* VerifyPhoneViewController.swift in Sources */ = {isa = PBXBuildFile; fileRef = 03422D341ED2F171009BB3F0 /* VerifyPhoneViewController.swift */; };
		03422D371ED2FA25009BB3F0 /* SMSNotifManager.swift in Sources */ = {isa = PBXBuildFile; fileRef = 03422D361ED2FA25009BB3F0 /* SMSNotifManager.swift */; };
		034FD0F41E2E6CA1007E6E1E /* AuthorizationManager.swift in Sources */ = {isa = PBXBuildFile; fileRef = 034FD0F31E2E6CA1007E6E1E /* AuthorizationManager.swift */; };
		034FD1011E2F8D7A007E6E1E /* UIColor+Elliot.swift in Sources */ = {isa = PBXBuildFile; fileRef = 034FD1001E2F8D7A007E6E1E /* UIColor+Elliot.swift */; };
		034FD1701E2F97EB007E6E1E /* OpenSansSwift.framework in Frameworks */ = {isa = PBXBuildFile; fileRef = 034FD16F1E2F97EB007E6E1E /* OpenSansSwift.framework */; };
		037047611E3124B5007912B6 /* NotificationsManager.swift in Sources */ = {isa = PBXBuildFile; fileRef = 037047601E3124B5007912B6 /* NotificationsManager.swift */; };
		0370AF671EDD642A000D376B /* ReactTestViewController.swift in Sources */ = {isa = PBXBuildFile; fileRef = 0370AF661EDD642A000D376B /* ReactTestViewController.swift */; };
		0370AF761EDD86B5000D376B /* main.jsbundle in Resources */ = {isa = PBXBuildFile; fileRef = 0370AF751EDD86B4000D376B /* main.jsbundle */; };
		0370AF7B1EDDBE59000D376B /* ReactFactory.swift in Sources */ = {isa = PBXBuildFile; fileRef = 0370AF7A1EDDBE59000D376B /* ReactFactory.swift */; };
		0370AF801EDDC7D5000D376B /* ReactTestConnector.swift in Sources */ = {isa = PBXBuildFile; fileRef = 0370AF7F1EDDC7D5000D376B /* ReactTestConnector.swift */; };
		0370AF821EDDC9FC000D376B /* ReactTestConnectorBridge.m in Sources */ = {isa = PBXBuildFile; fileRef = 0370AF811EDDC9FC000D376B /* ReactTestConnectorBridge.m */; };
		03755F611E28E17D003EDAD9 /* Date+FormatUtil.swift in Sources */ = {isa = PBXBuildFile; fileRef = 03755F601E28E17D003EDAD9 /* Date+FormatUtil.swift */; };
		03755F631E28E780003EDAD9 /* Models.swift in Sources */ = {isa = PBXBuildFile; fileRef = 03755F621E28E780003EDAD9 /* Models.swift */; };
		03785F6E1E300E8000A452F3 /* MeetingDetailTableViewCell.swift in Sources */ = {isa = PBXBuildFile; fileRef = 03785F6D1E300E8000A452F3 /* MeetingDetailTableViewCell.swift */; };
		03785F701E30A7CB00A452F3 /* DeclineSuggestionTableViewCell.swift in Sources */ = {isa = PBXBuildFile; fileRef = 03785F6F1E30A7CB00A452F3 /* DeclineSuggestionTableViewCell.swift */; };
		03785F731E30C0B300A452F3 /* CalendarEventTableViewCell.swift in Sources */ = {isa = PBXBuildFile; fileRef = 03785F721E30C0B300A452F3 /* CalendarEventTableViewCell.swift */; };
		03785F771E30C1D000A452F3 /* TimeBlockTableViewCell.swift in Sources */ = {isa = PBXBuildFile; fileRef = 03785F761E30C1D000A452F3 /* TimeBlockTableViewCell.swift */; };
		037E52191E77536500F2738D /* DifferentTimeViewController.swift in Sources */ = {isa = PBXBuildFile; fileRef = 037E52181E77536500F2738D /* DifferentTimeViewController.swift */; };
		0395E9CD1E20E76900A7CFD2 /* LoginViewController.swift in Sources */ = {isa = PBXBuildFile; fileRef = 0395E9CC1E20E76900A7CFD2 /* LoginViewController.swift */; };
		0395E9CF1E20FC7600A7CFD2 /* ContactsManager.swift in Sources */ = {isa = PBXBuildFile; fileRef = 0395E9CE1E20FC7600A7CFD2 /* ContactsManager.swift */; };
		03A1E5961EAF431B00F21CE7 /* DifferentTimeCell.swift in Sources */ = {isa = PBXBuildFile; fileRef = 03A1E5951EAF431B00F21CE7 /* DifferentTimeCell.swift */; };
		03A393CD1E29239100661CEA /* MainTabBarController.swift in Sources */ = {isa = PBXBuildFile; fileRef = 03A393CC1E29239100661CEA /* MainTabBarController.swift */; };
		03A393CF1E2A89DA00661CEA /* SuggestionsViewController.swift in Sources */ = {isa = PBXBuildFile; fileRef = 03A393CE1E2A89DA00661CEA /* SuggestionsViewController.swift */; };
		03A393D11E2A8B6100661CEA /* SuggestionTableViewCell.swift in Sources */ = {isa = PBXBuildFile; fileRef = 03A393D01E2A8B6100661CEA /* SuggestionTableViewCell.swift */; };
		03A393D51E2AC3A500661CEA /* AcceptSuggestionViewController.swift in Sources */ = {isa = PBXBuildFile; fileRef = 03A393D41E2AC3A500661CEA /* AcceptSuggestionViewController.swift */; };
		03A393D71E2B9EE800661CEA /* AlertController+Util.swift in Sources */ = {isa = PBXBuildFile; fileRef = 03A393D61E2B9EE800661CEA /* AlertController+Util.swift */; };
		03AD35A41E2404FA002F9D6A /* ContactTableViewCell.swift in Sources */ = {isa = PBXBuildFile; fileRef = 03AD35A31E2404FA002F9D6A /* ContactTableViewCell.swift */; };
		03B0D81D1E81B3EE00E5E8D4 /* ExplanationCell.swift in Sources */ = {isa = PBXBuildFile; fileRef = 03B0D81C1E81B3EE00E5E8D4 /* ExplanationCell.swift */; };
		03C1BCDB1EEEBFAD003246F3 /* ShareAccess.swift in Sources */ = {isa = PBXBuildFile; fileRef = 03C1BCDA1EEEBFAD003246F3 /* ShareAccess.swift */; };
		03C1BCDF1EEEBFE6003246F3 /* ShareAccessBridge.m in Sources */ = {isa = PBXBuildFile; fileRef = 03C1BCDE1EEEBFE6003246F3 /* ShareAccessBridge.m */; };
		03C4B74A1E320B49000F1E60 /* ForwardToInviteCell.swift in Sources */ = {isa = PBXBuildFile; fileRef = 03C4B7491E320B49000F1E60 /* ForwardToInviteCell.swift */; };
		03E739331E6A0B4800525383 /* UIViewController+Banner.swift in Sources */ = {isa = PBXBuildFile; fileRef = 03E739321E6A0B4800525383 /* UIViewController+Banner.swift */; };
		03F909C51E39F4C9002D24CE /* NotificationNames.swift in Sources */ = {isa = PBXBuildFile; fileRef = 03F909C41E39F4C9002D24CE /* NotificationNames.swift */; };
		03F9E7A91EE821A000DC815C /* LocationAccess.swift in Sources */ = {isa = PBXBuildFile; fileRef = 03F9E7A81EE821A000DC815C /* LocationAccess.swift */; };
		03F9E7AE1EE822E800DC815C /* LocationAccessBridge.m in Sources */ = {isa = PBXBuildFile; fileRef = 03F9E7AD1EE822E800DC815C /* LocationAccessBridge.m */; };
		03F9E7B51EE9806900DC815C /* NSNotificationAccess.swift in Sources */ = {isa = PBXBuildFile; fileRef = 03F9E7B41EE9806900DC815C /* NSNotificationAccess.swift */; };
		03F9E7B71EE9808000DC815C /* NSNotificationAccessBridge.m in Sources */ = {isa = PBXBuildFile; fileRef = 03F9E7B61EE9808000DC815C /* NSNotificationAccessBridge.m */; };
		03F9E7B91EE9AD3900DC815C /* assets in Resources */ = {isa = PBXBuildFile; fileRef = 03F9E7B81EE9AD3900DC815C /* assets */; };
		FBB60E5E1E1E0F050035D841 /* AppDelegate.swift in Sources */ = {isa = PBXBuildFile; fileRef = FBB60E5D1E1E0F050035D841 /* AppDelegate.swift */; };
		FBB60E631E1E0F050035D841 /* Main.storyboard in Resources */ = {isa = PBXBuildFile; fileRef = FBB60E611E1E0F050035D841 /* Main.storyboard */; };
		FBB60E651E1E0F050035D841 /* Assets.xcassets in Resources */ = {isa = PBXBuildFile; fileRef = FBB60E641E1E0F050035D841 /* Assets.xcassets */; };
		FBB60E681E1E0F050035D841 /* LaunchScreen.storyboard in Resources */ = {isa = PBXBuildFile; fileRef = FBB60E661E1E0F050035D841 /* LaunchScreen.storyboard */; };
		FBB60E731E1E0F050035D841 /* ElliotTests.swift in Sources */ = {isa = PBXBuildFile; fileRef = FBB60E721E1E0F050035D841 /* ElliotTests.swift */; };
		FF9C6C82DBC37459311C345F /* Pods_Elliot.framework in Frameworks */ = {isa = PBXBuildFile; fileRef = EC472425BB75DB1E65A75BB8 /* Pods_Elliot.framework */; };
/* End PBXBuildFile section */

/* Begin PBXContainerItemProxy section */
		03785F691E2FEC1300A452F3 /* PBXContainerItemProxy */ = {
			isa = PBXContainerItemProxy;
			containerPortal = 03785F641E2FEC1300A452F3 /* OpenSansSwift.xcodeproj */;
			proxyType = 2;
			remoteGlobalIDString = 2EC889141A931302002E513D;
			remoteInfo = OpenSansSwift;
		};
		03785F6B1E2FEC1300A452F3 /* PBXContainerItemProxy */ = {
			isa = PBXContainerItemProxy;
			containerPortal = 03785F641E2FEC1300A452F3 /* OpenSansSwift.xcodeproj */;
			proxyType = 2;
			remoteGlobalIDString = 2EC8891F1A931302002E513D;
			remoteInfo = OpenSansSwiftTests;
		};
		FBB60E6F1E1E0F050035D841 /* PBXContainerItemProxy */ = {
			isa = PBXContainerItemProxy;
			containerPortal = FBB60E521E1E0F050035D841 /* Project object */;
			proxyType = 1;
			remoteGlobalIDString = FBB60E591E1E0F050035D841;
			remoteInfo = Elliot;
		};
/* End PBXContainerItemProxy section */

/* Begin PBXCopyFilesBuildPhase section */
		0328E9131E2F9CF8003427C3 /* Embed Frameworks */ = {
			isa = PBXCopyFilesBuildPhase;
			buildActionMask = 2147483647;
			dstPath = "";
			dstSubfolderSpec = 10;
			files = (
				0328E9121E2F9CF8003427C3 /* OpenSansSwift.framework in Embed Frameworks */,
			);
			name = "Embed Frameworks";
			runOnlyForDeploymentPostprocessing = 0;
		};
/* End PBXCopyFilesBuildPhase section */

/* Begin PBXFileReference section */
		031DD2CC1EBCE20E001881B7 /* FriendSearchViewController.swift */ = {isa = PBXFileReference; fileEncoding = 4; lastKnownFileType = sourcecode.swift; path = FriendSearchViewController.swift; sourceTree = "<group>"; };
		031DD2CE1EBCE230001881B7 /* FriendSearchCell.swift */ = {isa = PBXFileReference; fileEncoding = 4; lastKnownFileType = sourcecode.swift; path = FriendSearchCell.swift; sourceTree = "<group>"; };
		031DD2D01EBCE875001881B7 /* FindFriendsCell.swift */ = {isa = PBXFileReference; fileEncoding = 4; lastKnownFileType = sourcecode.swift; path = FindFriendsCell.swift; sourceTree = "<group>"; };
		031DD2D71EBD28F5001881B7 /* SearchController.swift */ = {isa = PBXFileReference; fileEncoding = 4; lastKnownFileType = sourcecode.swift; path = SearchController.swift; sourceTree = "<group>"; };
		0322D5401E2115C500239A3A /* LocationManager.swift */ = {isa = PBXFileReference; fileEncoding = 4; lastKnownFileType = sourcecode.swift; path = LocationManager.swift; sourceTree = "<group>"; };
		0322D5441E22393E00239A3A /* PermissionsViewController.swift */ = {isa = PBXFileReference; fileEncoding = 4; lastKnownFileType = sourcecode.swift; path = PermissionsViewController.swift; sourceTree = "<group>"; };
		0322D54A1E223B3500239A3A /* DefaultsKeysExtension.swift */ = {isa = PBXFileReference; fileEncoding = 4; lastKnownFileType = sourcecode.swift; path = DefaultsKeysExtension.swift; sourceTree = "<group>"; };
		0322D54C1E22539C00239A3A /* CalendarManager.swift */ = {isa = PBXFileReference; fileEncoding = 4; lastKnownFileType = sourcecode.swift; path = CalendarManager.swift; sourceTree = "<group>"; };
		0322D54E1E2256E600239A3A /* AccessRequired.swift */ = {isa = PBXFileReference; fileEncoding = 4; lastKnownFileType = sourcecode.swift; path = AccessRequired.swift; sourceTree = "<group>"; };
		0322D5501E2272F000239A3A /* InviteViewController.swift */ = {isa = PBXFileReference; fileEncoding = 4; lastKnownFileType = sourcecode.swift; path = InviteViewController.swift; sourceTree = "<group>"; };
		0328E9101E2F9CF8003427C3 /* OpenSansSwift.framework */ = {isa = PBXFileReference; explicitFileType = wrapper.framework; path = OpenSansSwift.framework; sourceTree = BUILT_PRODUCTS_DIR; };
		0332A4141E3BF3C2006E8DCF /* BasicHighlightedButton.swift */ = {isa = PBXFileReference; fileEncoding = 4; lastKnownFileType = sourcecode.swift; path = BasicHighlightedButton.swift; sourceTree = "<group>"; };
		0332A41A1E3E550D006E8DCF /* UsageStats.swift */ = {isa = PBXFileReference; fileEncoding = 4; lastKnownFileType = sourcecode.swift; path = UsageStats.swift; sourceTree = "<group>"; };
		033375A41E256079000A5C21 /* NetworkManager.swift */ = {isa = PBXFileReference; fileEncoding = 4; lastKnownFileType = sourcecode.swift; path = NetworkManager.swift; sourceTree = "<group>"; };
		033375A71E2685ED000A5C21 /* MeetingsViewController.swift */ = {isa = PBXFileReference; fileEncoding = 4; lastKnownFileType = sourcecode.swift; path = MeetingsViewController.swift; sourceTree = "<group>"; };
		033375A91E268646000A5C21 /* MeetingsTableViewCell.swift */ = {isa = PBXFileReference; fileEncoding = 4; lastKnownFileType = sourcecode.swift; path = MeetingsTableViewCell.swift; sourceTree = "<group>"; };
		033375AF1E268D0A000A5C21 /* MeetingDetailViewController.swift */ = {isa = PBXFileReference; fileEncoding = 4; lastKnownFileType = sourcecode.swift; path = MeetingDetailViewController.swift; sourceTree = "<group>"; };
		03422D321ED2E7EF009BB3F0 /* UINavigationBar+BottomBorder.swift */ = {isa = PBXFileReference; fileEncoding = 4; lastKnownFileType = sourcecode.swift; path = "UINavigationBar+BottomBorder.swift"; sourceTree = "<group>"; };
		03422D341ED2F171009BB3F0 /* VerifyPhoneViewController.swift */ = {isa = PBXFileReference; fileEncoding = 4; lastKnownFileType = sourcecode.swift; path = VerifyPhoneViewController.swift; sourceTree = "<group>"; };
		03422D361ED2FA25009BB3F0 /* SMSNotifManager.swift */ = {isa = PBXFileReference; fileEncoding = 4; lastKnownFileType = sourcecode.swift; path = SMSNotifManager.swift; sourceTree = "<group>"; };
		034FD0F31E2E6CA1007E6E1E /* AuthorizationManager.swift */ = {isa = PBXFileReference; fileEncoding = 4; lastKnownFileType = sourcecode.swift; path = AuthorizationManager.swift; sourceTree = "<group>"; };
		034FD1001E2F8D7A007E6E1E /* UIColor+Elliot.swift */ = {isa = PBXFileReference; fileEncoding = 4; lastKnownFileType = sourcecode.swift; path = "UIColor+Elliot.swift"; sourceTree = "<group>"; };
		034FD16F1E2F97EB007E6E1E /* OpenSansSwift.framework */ = {isa = PBXFileReference; lastKnownFileType = wrapper.framework; name = OpenSansSwift.framework; path = "../../../../Downloads/OpenSansSwift-master 2/build/Debug-iphoneos/OpenSansSwift.framework"; sourceTree = "<group>"; };
		0362AFCF1E315BA600AE0B8F /* Elliot.entitlements */ = {isa = PBXFileReference; lastKnownFileType = text.plist.entitlements; path = Elliot.entitlements; sourceTree = "<group>"; };
		037047601E3124B5007912B6 /* NotificationsManager.swift */ = {isa = PBXFileReference; fileEncoding = 4; lastKnownFileType = sourcecode.swift; path = NotificationsManager.swift; sourceTree = "<group>"; };
		0370AF661EDD642A000D376B /* ReactTestViewController.swift */ = {isa = PBXFileReference; fileEncoding = 4; lastKnownFileType = sourcecode.swift; path = ReactTestViewController.swift; sourceTree = "<group>"; };
		0370AF751EDD86B4000D376B /* main.jsbundle */ = {isa = PBXFileReference; fileEncoding = 4; lastKnownFileType = text; path = main.jsbundle; sourceTree = SOURCE_ROOT; };
		0370AF7A1EDDBE59000D376B /* ReactFactory.swift */ = {isa = PBXFileReference; fileEncoding = 4; lastKnownFileType = sourcecode.swift; path = ReactFactory.swift; sourceTree = "<group>"; };
		0370AF7F1EDDC7D5000D376B /* ReactTestConnector.swift */ = {isa = PBXFileReference; fileEncoding = 4; lastKnownFileType = sourcecode.swift; path = ReactTestConnector.swift; sourceTree = "<group>"; };
		0370AF811EDDC9FC000D376B /* ReactTestConnectorBridge.m */ = {isa = PBXFileReference; fileEncoding = 4; lastKnownFileType = sourcecode.c.objc; path = ReactTestConnectorBridge.m; sourceTree = "<group>"; };
		03755F601E28E17D003EDAD9 /* Date+FormatUtil.swift */ = {isa = PBXFileReference; fileEncoding = 4; lastKnownFileType = sourcecode.swift; path = "Date+FormatUtil.swift"; sourceTree = "<group>"; };
		03755F621E28E780003EDAD9 /* Models.swift */ = {isa = PBXFileReference; fileEncoding = 4; lastKnownFileType = sourcecode.swift; path = Models.swift; sourceTree = "<group>"; };
		03785F641E2FEC1300A452F3 /* OpenSansSwift.xcodeproj */ = {isa = PBXFileReference; lastKnownFileType = "wrapper.pb-project"; name = OpenSansSwift.xcodeproj; path = "OpenSansSwift-master 2/OpenSansSwift.xcodeproj"; sourceTree = "<group>"; };
		03785F6D1E300E8000A452F3 /* MeetingDetailTableViewCell.swift */ = {isa = PBXFileReference; fileEncoding = 4; lastKnownFileType = sourcecode.swift; path = MeetingDetailTableViewCell.swift; sourceTree = "<group>"; };
		03785F6F1E30A7CB00A452F3 /* DeclineSuggestionTableViewCell.swift */ = {isa = PBXFileReference; fileEncoding = 4; lastKnownFileType = sourcecode.swift; path = DeclineSuggestionTableViewCell.swift; sourceTree = "<group>"; };
		03785F721E30C0B300A452F3 /* CalendarEventTableViewCell.swift */ = {isa = PBXFileReference; fileEncoding = 4; lastKnownFileType = sourcecode.swift; path = CalendarEventTableViewCell.swift; sourceTree = "<group>"; };
		03785F761E30C1D000A452F3 /* TimeBlockTableViewCell.swift */ = {isa = PBXFileReference; fileEncoding = 4; lastKnownFileType = sourcecode.swift; path = TimeBlockTableViewCell.swift; sourceTree = "<group>"; };
		037E52181E77536500F2738D /* DifferentTimeViewController.swift */ = {isa = PBXFileReference; fileEncoding = 4; lastKnownFileType = sourcecode.swift; path = DifferentTimeViewController.swift; sourceTree = "<group>"; };
		0395E9CC1E20E76900A7CFD2 /* LoginViewController.swift */ = {isa = PBXFileReference; fileEncoding = 4; lastKnownFileType = sourcecode.swift; path = LoginViewController.swift; sourceTree = "<group>"; };
		0395E9CE1E20FC7600A7CFD2 /* ContactsManager.swift */ = {isa = PBXFileReference; fileEncoding = 4; lastKnownFileType = sourcecode.swift; path = ContactsManager.swift; sourceTree = "<group>"; };
		03A1E5951EAF431B00F21CE7 /* DifferentTimeCell.swift */ = {isa = PBXFileReference; fileEncoding = 4; lastKnownFileType = sourcecode.swift; path = DifferentTimeCell.swift; sourceTree = "<group>"; };
		03A393CC1E29239100661CEA /* MainTabBarController.swift */ = {isa = PBXFileReference; fileEncoding = 4; lastKnownFileType = sourcecode.swift; path = MainTabBarController.swift; sourceTree = "<group>"; };
		03A393CE1E2A89DA00661CEA /* SuggestionsViewController.swift */ = {isa = PBXFileReference; fileEncoding = 4; lastKnownFileType = sourcecode.swift; path = SuggestionsViewController.swift; sourceTree = "<group>"; };
		03A393D01E2A8B6100661CEA /* SuggestionTableViewCell.swift */ = {isa = PBXFileReference; fileEncoding = 4; lastKnownFileType = sourcecode.swift; path = SuggestionTableViewCell.swift; sourceTree = "<group>"; };
		03A393D41E2AC3A500661CEA /* AcceptSuggestionViewController.swift */ = {isa = PBXFileReference; fileEncoding = 4; lastKnownFileType = sourcecode.swift; path = AcceptSuggestionViewController.swift; sourceTree = "<group>"; };
		03A393D61E2B9EE800661CEA /* AlertController+Util.swift */ = {isa = PBXFileReference; fileEncoding = 4; lastKnownFileType = sourcecode.swift; path = "AlertController+Util.swift"; sourceTree = "<group>"; };
		03AD35A31E2404FA002F9D6A /* ContactTableViewCell.swift */ = {isa = PBXFileReference; fileEncoding = 4; lastKnownFileType = sourcecode.swift; path = ContactTableViewCell.swift; sourceTree = "<group>"; };
		03B0D81C1E81B3EE00E5E8D4 /* ExplanationCell.swift */ = {isa = PBXFileReference; fileEncoding = 4; lastKnownFileType = sourcecode.swift; path = ExplanationCell.swift; sourceTree = "<group>"; };
		03C1BCDA1EEEBFAD003246F3 /* ShareAccess.swift */ = {isa = PBXFileReference; fileEncoding = 4; lastKnownFileType = sourcecode.swift; path = ShareAccess.swift; sourceTree = "<group>"; };
		03C1BCDE1EEEBFE6003246F3 /* ShareAccessBridge.m */ = {isa = PBXFileReference; fileEncoding = 4; lastKnownFileType = sourcecode.c.objc; path = ShareAccessBridge.m; sourceTree = "<group>"; };
		03C4B7491E320B49000F1E60 /* ForwardToInviteCell.swift */ = {isa = PBXFileReference; fileEncoding = 4; lastKnownFileType = sourcecode.swift; path = ForwardToInviteCell.swift; sourceTree = "<group>"; };
		03E739321E6A0B4800525383 /* UIViewController+Banner.swift */ = {isa = PBXFileReference; fileEncoding = 4; lastKnownFileType = sourcecode.swift; path = "UIViewController+Banner.swift"; sourceTree = "<group>"; };
		03F909C41E39F4C9002D24CE /* NotificationNames.swift */ = {isa = PBXFileReference; fileEncoding = 4; lastKnownFileType = sourcecode.swift; path = NotificationNames.swift; sourceTree = "<group>"; };
		03F9E7A81EE821A000DC815C /* LocationAccess.swift */ = {isa = PBXFileReference; fileEncoding = 4; lastKnownFileType = sourcecode.swift; path = LocationAccess.swift; sourceTree = "<group>"; };
		03F9E7AD1EE822E800DC815C /* LocationAccessBridge.m */ = {isa = PBXFileReference; fileEncoding = 4; lastKnownFileType = sourcecode.c.objc; path = LocationAccessBridge.m; sourceTree = "<group>"; };
		03F9E7B41EE9806900DC815C /* NSNotificationAccess.swift */ = {isa = PBXFileReference; fileEncoding = 4; lastKnownFileType = sourcecode.swift; path = NSNotificationAccess.swift; sourceTree = "<group>"; };
		03F9E7B61EE9808000DC815C /* NSNotificationAccessBridge.m */ = {isa = PBXFileReference; fileEncoding = 4; lastKnownFileType = sourcecode.c.objc; path = NSNotificationAccessBridge.m; sourceTree = "<group>"; };
		03F9E7B81EE9AD3900DC815C /* assets */ = {isa = PBXFileReference; lastKnownFileType = folder; path = assets; sourceTree = SOURCE_ROOT; };
		0435F4315BE5D3FC4BE6C9D9 /* Pods-Elliot.staging.xcconfig */ = {isa = PBXFileReference; includeInIndex = 1; lastKnownFileType = text.xcconfig; name = "Pods-Elliot.staging.xcconfig"; path = "Pods/Target Support Files/Pods-Elliot/Pods-Elliot.staging.xcconfig"; sourceTree = "<group>"; };
		208C3AF429C16137E7CD2ED6 /* Pods-Elliot.debug.xcconfig */ = {isa = PBXFileReference; includeInIndex = 1; lastKnownFileType = text.xcconfig; name = "Pods-Elliot.debug.xcconfig"; path = "Pods/Target Support Files/Pods-Elliot/Pods-Elliot.debug.xcconfig"; sourceTree = "<group>"; };
		5150174B44AF7308FBAC53E2 /* Pods_ElliotTests.framework */ = {isa = PBXFileReference; explicitFileType = wrapper.framework; includeInIndex = 0; path = Pods_ElliotTests.framework; sourceTree = BUILT_PRODUCTS_DIR; };
		70B7F05C9FC1F0E17A025FBE /* Pods-Elliot.release.xcconfig */ = {isa = PBXFileReference; includeInIndex = 1; lastKnownFileType = text.xcconfig; name = "Pods-Elliot.release.xcconfig"; path = "Pods/Target Support Files/Pods-Elliot/Pods-Elliot.release.xcconfig"; sourceTree = "<group>"; };
		EC472425BB75DB1E65A75BB8 /* Pods_Elliot.framework */ = {isa = PBXFileReference; explicitFileType = wrapper.framework; includeInIndex = 0; path = Pods_Elliot.framework; sourceTree = BUILT_PRODUCTS_DIR; };
		FBB60E5A1E1E0F050035D841 /* Elliot.app */ = {isa = PBXFileReference; explicitFileType = wrapper.application; includeInIndex = 0; path = Elliot.app; sourceTree = BUILT_PRODUCTS_DIR; };
		FBB60E5D1E1E0F050035D841 /* AppDelegate.swift */ = {isa = PBXFileReference; lastKnownFileType = sourcecode.swift; path = AppDelegate.swift; sourceTree = "<group>"; };
		FBB60E621E1E0F050035D841 /* Base */ = {isa = PBXFileReference; lastKnownFileType = file.storyboard; name = Base; path = Base.lproj/Main.storyboard; sourceTree = "<group>"; };
		FBB60E641E1E0F050035D841 /* Assets.xcassets */ = {isa = PBXFileReference; lastKnownFileType = folder.assetcatalog; path = Assets.xcassets; sourceTree = "<group>"; };
		FBB60E671E1E0F050035D841 /* Base */ = {isa = PBXFileReference; lastKnownFileType = file.storyboard; name = Base; path = Base.lproj/LaunchScreen.storyboard; sourceTree = "<group>"; };
		FBB60E691E1E0F050035D841 /* Info.plist */ = {isa = PBXFileReference; lastKnownFileType = text.plist.xml; path = Info.plist; sourceTree = "<group>"; };
		FBB60E6E1E1E0F050035D841 /* ElliotTests.xctest */ = {isa = PBXFileReference; explicitFileType = wrapper.cfbundle; includeInIndex = 0; path = ElliotTests.xctest; sourceTree = BUILT_PRODUCTS_DIR; };
		FBB60E721E1E0F050035D841 /* ElliotTests.swift */ = {isa = PBXFileReference; lastKnownFileType = sourcecode.swift; path = ElliotTests.swift; sourceTree = "<group>"; };
		FBB60E741E1E0F050035D841 /* Info.plist */ = {isa = PBXFileReference; lastKnownFileType = text.plist.xml; path = Info.plist; sourceTree = "<group>"; };
/* End PBXFileReference section */

/* Begin PBXFrameworksBuildPhase section */
		FBB60E571E1E0F050035D841 /* Frameworks */ = {
			isa = PBXFrameworksBuildPhase;
			buildActionMask = 2147483647;
			files = (
				034FD1701E2F97EB007E6E1E /* OpenSansSwift.framework in Frameworks */,
				FF9C6C82DBC37459311C345F /* Pods_Elliot.framework in Frameworks */,
				0328E9111E2F9CF8003427C3 /* OpenSansSwift.framework in Frameworks */,
			);
			runOnlyForDeploymentPostprocessing = 0;
		};
		FBB60E6B1E1E0F050035D841 /* Frameworks */ = {
			isa = PBXFrameworksBuildPhase;
			buildActionMask = 2147483647;
			files = (
			);
			runOnlyForDeploymentPostprocessing = 0;
		};
/* End PBXFrameworksBuildPhase section */

/* Begin PBXGroup section */
		031DD2CB1EBCE1C2001881B7 /* FriendSearch */ = {
			isa = PBXGroup;
			children = (
				031DD2CC1EBCE20E001881B7 /* FriendSearchViewController.swift */,
				031DD2CE1EBCE230001881B7 /* FriendSearchCell.swift */,
			);
			name = FriendSearch;
			sourceTree = "<group>";
		};
		0322D5471E223A6600239A3A /* ViewControllers */ = {
			isa = PBXGroup;
			children = (
				0395E9CC1E20E76900A7CFD2 /* LoginViewController.swift */,
				03422D341ED2F171009BB3F0 /* VerifyPhoneViewController.swift */,
				0322D5441E22393E00239A3A /* PermissionsViewController.swift */,
				0322D5501E2272F000239A3A /* InviteViewController.swift */,
				033375A71E2685ED000A5C21 /* MeetingsViewController.swift */,
				03A393CE1E2A89DA00661CEA /* SuggestionsViewController.swift */,
				037E52181E77536500F2738D /* DifferentTimeViewController.swift */,
				03A393D41E2AC3A500661CEA /* AcceptSuggestionViewController.swift */,
				033375AF1E268D0A000A5C21 /* MeetingDetailViewController.swift */,
				03A393CC1E29239100661CEA /* MainTabBarController.swift */,
			);
			name = ViewControllers;
			sourceTree = "<group>";
		};
		0370AF791EDDBC25000D376B /* ReactNative */ = {
			isa = PBXGroup;
			children = (
				0370AF661EDD642A000D376B /* ReactTestViewController.swift */,
				0370AF7F1EDDC7D5000D376B /* ReactTestConnector.swift */,
				0370AF811EDDC9FC000D376B /* ReactTestConnectorBridge.m */,
				0370AF7A1EDDBE59000D376B /* ReactFactory.swift */,
				03C1BCE01EEEBFEC003246F3 /* ShareAccess */,
				03F9E7B11EE97F5500DC815C /* NSNotificationAccess */,
				03F9E7AC1EE822BF00DC815C /* LocationAccess */,
			);
			name = ReactNative;
			sourceTree = "<group>";
		};
		03785F651E2FEC1300A452F3 /* Products */ = {
			isa = PBXGroup;
			children = (
				03785F6A1E2FEC1300A452F3 /* OpenSansSwift.framework */,
				03785F6C1E2FEC1300A452F3 /* OpenSansSwiftTests.xctest */,
			);
			name = Products;
			sourceTree = "<group>";
		};
		03AD35A51E240505002F9D6A /* Views */ = {
			isa = PBXGroup;
			children = (
				03AD35A31E2404FA002F9D6A /* ContactTableViewCell.swift */,
				031DD2D01EBCE875001881B7 /* FindFriendsCell.swift */,
				033375A91E268646000A5C21 /* MeetingsTableViewCell.swift */,
				03A393D01E2A8B6100661CEA /* SuggestionTableViewCell.swift */,
				03A1E5951EAF431B00F21CE7 /* DifferentTimeCell.swift */,
				03785F6D1E300E8000A452F3 /* MeetingDetailTableViewCell.swift */,
				03785F6F1E30A7CB00A452F3 /* DeclineSuggestionTableViewCell.swift */,
				03785F721E30C0B300A452F3 /* CalendarEventTableViewCell.swift */,
				03785F761E30C1D000A452F3 /* TimeBlockTableViewCell.swift */,
				03C4B7491E320B49000F1E60 /* ForwardToInviteCell.swift */,
				03B0D81C1E81B3EE00E5E8D4 /* ExplanationCell.swift */,
				0332A4141E3BF3C2006E8DCF /* BasicHighlightedButton.swift */,
			);
			name = Views;
			sourceTree = "<group>";
		};
		03C1BCE01EEEBFEC003246F3 /* ShareAccess */ = {
			isa = PBXGroup;
			children = (
				03C1BCDA1EEEBFAD003246F3 /* ShareAccess.swift */,
				03C1BCDE1EEEBFE6003246F3 /* ShareAccessBridge.m */,
			);
			name = ShareAccess;
			sourceTree = "<group>";
		};
		03E7392F1E6A0B0D00525383 /* Extensions */ = {
			isa = PBXGroup;
			children = (
				03755F601E28E17D003EDAD9 /* Date+FormatUtil.swift */,
				03A393D61E2B9EE800661CEA /* AlertController+Util.swift */,
				034FD1001E2F8D7A007E6E1E /* UIColor+Elliot.swift */,
				03422D321ED2E7EF009BB3F0 /* UINavigationBar+BottomBorder.swift */,
				03E739321E6A0B4800525383 /* UIViewController+Banner.swift */,
			);
			name = Extensions;
			sourceTree = "<group>";
		};
		03F9E7AC1EE822BF00DC815C /* LocationAccess */ = {
			isa = PBXGroup;
			children = (
				03F9E7A81EE821A000DC815C /* LocationAccess.swift */,
				03F9E7AD1EE822E800DC815C /* LocationAccessBridge.m */,
			);
			name = LocationAccess;
			sourceTree = "<group>";
		};
		03F9E7B11EE97F5500DC815C /* NSNotificationAccess */ = {
			isa = PBXGroup;
			children = (
				03F9E7B41EE9806900DC815C /* NSNotificationAccess.swift */,
				03F9E7B61EE9808000DC815C /* NSNotificationAccessBridge.m */,
			);
			name = NSNotificationAccess;
			sourceTree = "<group>";
		};
		471DB5F868120E522A051585 /* Pods */ = {
			isa = PBXGroup;
			children = (
				208C3AF429C16137E7CD2ED6 /* Pods-Elliot.debug.xcconfig */,
				70B7F05C9FC1F0E17A025FBE /* Pods-Elliot.release.xcconfig */,
				0435F4315BE5D3FC4BE6C9D9 /* Pods-Elliot.staging.xcconfig */,
			);
			name = Pods;
			sourceTree = "<group>";
		};
		8B46A17F51B4D478A11CB98A /* Frameworks */ = {
			isa = PBXGroup;
			children = (
				034FD16F1E2F97EB007E6E1E /* OpenSansSwift.framework */,
				EC472425BB75DB1E65A75BB8 /* Pods_Elliot.framework */,
				5150174B44AF7308FBAC53E2 /* Pods_ElliotTests.framework */,
			);
			name = Frameworks;
			sourceTree = "<group>";
		};
		FBB60E511E1E0F050035D841 = {
			isa = PBXGroup;
			children = (
				03785F641E2FEC1300A452F3 /* OpenSansSwift.xcodeproj */,
				0328E9101E2F9CF8003427C3 /* OpenSansSwift.framework */,
				FBB60E5C1E1E0F050035D841 /* Elliot */,
				FBB60E711E1E0F050035D841 /* ElliotTests */,
				FBB60E5B1E1E0F050035D841 /* Products */,
				471DB5F868120E522A051585 /* Pods */,
				8B46A17F51B4D478A11CB98A /* Frameworks */,
			);
			sourceTree = "<group>";
		};
		FBB60E5B1E1E0F050035D841 /* Products */ = {
			isa = PBXGroup;
			children = (
				FBB60E5A1E1E0F050035D841 /* Elliot.app */,
				FBB60E6E1E1E0F050035D841 /* ElliotTests.xctest */,
			);
			name = Products;
			sourceTree = "<group>";
		};
		FBB60E5C1E1E0F050035D841 /* Elliot */ = {
			isa = PBXGroup;
			children = (
				0370AF751EDD86B4000D376B /* main.jsbundle */,
				03F9E7B81EE9AD3900DC815C /* assets */,
				0362AFCF1E315BA600AE0B8F /* Elliot.entitlements */,
				FBB60E5D1E1E0F050035D841 /* AppDelegate.swift */,
				0322D54A1E223B3500239A3A /* DefaultsKeysExtension.swift */,
				0322D54C1E22539C00239A3A /* CalendarManager.swift */,
				037047601E3124B5007912B6 /* NotificationsManager.swift */,
				03422D361ED2FA25009BB3F0 /* SMSNotifManager.swift */,
				0332A41A1E3E550D006E8DCF /* UsageStats.swift */,
				0395E9CE1E20FC7600A7CFD2 /* ContactsManager.swift */,
				0322D5401E2115C500239A3A /* LocationManager.swift */,
				03F909C41E39F4C9002D24CE /* NotificationNames.swift */,
				0322D54E1E2256E600239A3A /* AccessRequired.swift */,
				033375A41E256079000A5C21 /* NetworkManager.swift */,
				034FD0F31E2E6CA1007E6E1E /* AuthorizationManager.swift */,
				03755F621E28E780003EDAD9 /* Models.swift */,
				031DD2D71EBD28F5001881B7 /* SearchController.swift */,
				0370AF791EDDBC25000D376B /* ReactNative */,
				031DD2CB1EBCE1C2001881B7 /* FriendSearch */,
				03E7392F1E6A0B0D00525383 /* Extensions */,
				03AD35A51E240505002F9D6A /* Views */,
				0322D5471E223A6600239A3A /* ViewControllers */,
				FBB60E611E1E0F050035D841 /* Main.storyboard */,
				FBB60E641E1E0F050035D841 /* Assets.xcassets */,
				FBB60E661E1E0F050035D841 /* LaunchScreen.storyboard */,
				FBB60E691E1E0F050035D841 /* Info.plist */,
			);
			path = Elliot;
			sourceTree = "<group>";
		};
		FBB60E711E1E0F050035D841 /* ElliotTests */ = {
			isa = PBXGroup;
			children = (
				FBB60E721E1E0F050035D841 /* ElliotTests.swift */,
				FBB60E741E1E0F050035D841 /* Info.plist */,
			);
			path = ElliotTests;
			sourceTree = "<group>";
		};
/* End PBXGroup section */

/* Begin PBXNativeTarget section */
		FBB60E591E1E0F050035D841 /* Elliot */ = {
			isa = PBXNativeTarget;
			buildConfigurationList = FBB60E771E1E0F050035D841 /* Build configuration list for PBXNativeTarget "Elliot" */;
			buildPhases = (
				8FA6D2A9373F6F669A1732EE /* [CP] Check Pods Manifest.lock */,
				028A973DF94AB850634D62E6 /* [CP] Check Pods Manifest.lock */,
				FBB60E561E1E0F050035D841 /* Sources */,
				FBB60E571E1E0F050035D841 /* Frameworks */,
				FBB60E581E1E0F050035D841 /* Resources */,
				7992DDBE9CB240CF41BA5C33 /* [CP] Embed Pods Frameworks */,
				5C33A5FC2BAD45D754E86D18 /* [CP] Copy Pods Resources */,
				4F3AABC32FDAB9F2DD1538BB /* 📦 Embed Pods Frameworks */,
				FD6C97965F97846635AD97B1 /* 📦 Copy Pods Resources */,
				0328E9131E2F9CF8003427C3 /* Embed Frameworks */,
			);
			buildRules = (
			);
			dependencies = (
			);
			name = Elliot;
			productName = Elliot;
			productReference = FBB60E5A1E1E0F050035D841 /* Elliot.app */;
			productType = "com.apple.product-type.application";
		};
		FBB60E6D1E1E0F050035D841 /* ElliotTests */ = {
			isa = PBXNativeTarget;
			buildConfigurationList = FBB60E7A1E1E0F050035D841 /* Build configuration list for PBXNativeTarget "ElliotTests" */;
			buildPhases = (
				FBB60E6A1E1E0F050035D841 /* Sources */,
				FBB60E6B1E1E0F050035D841 /* Frameworks */,
				FBB60E6C1E1E0F050035D841 /* Resources */,
			);
			buildRules = (
			);
			dependencies = (
				FBB60E701E1E0F050035D841 /* PBXTargetDependency */,
			);
			name = ElliotTests;
			productName = ElliotTests;
			productReference = FBB60E6E1E1E0F050035D841 /* ElliotTests.xctest */;
			productType = "com.apple.product-type.bundle.unit-test";
		};
/* End PBXNativeTarget section */

/* Begin PBXProject section */
		FBB60E521E1E0F050035D841 /* Project object */ = {
			isa = PBXProject;
			attributes = {
				LastSwiftUpdateCheck = 0820;
				LastUpgradeCheck = 0820;
				ORGANIZATIONNAME = "Elliot Technologies";
				TargetAttributes = {
					FBB60E591E1E0F050035D841 = {
						CreatedOnToolsVersion = 8.2.1;
						DevelopmentTeam = ZN3S5P8EPC;
						LastSwiftMigration = 0830;
						ProvisioningStyle = Automatic;
						SystemCapabilities = {
							com.apple.Push = {
								enabled = 1;
							};
							com.apple.SafariKeychain = {
								enabled = 0;
							};
						};
					};
					FBB60E6D1E1E0F050035D841 = {
						CreatedOnToolsVersion = 8.2.1;
						ProvisioningStyle = Automatic;
						TestTargetID = FBB60E591E1E0F050035D841;
					};
				};
			};
			buildConfigurationList = FBB60E551E1E0F050035D841 /* Build configuration list for PBXProject "Elliot" */;
			compatibilityVersion = "Xcode 3.2";
			developmentRegion = English;
			hasScannedForEncodings = 0;
			knownRegions = (
				en,
				Base,
			);
			mainGroup = FBB60E511E1E0F050035D841;
			productRefGroup = FBB60E5B1E1E0F050035D841 /* Products */;
			projectDirPath = "";
			projectReferences = (
				{
					ProductGroup = 03785F651E2FEC1300A452F3 /* Products */;
					ProjectRef = 03785F641E2FEC1300A452F3 /* OpenSansSwift.xcodeproj */;
				},
			);
			projectRoot = "";
			targets = (
				FBB60E591E1E0F050035D841 /* Elliot */,
				FBB60E6D1E1E0F050035D841 /* ElliotTests */,
			);
		};
/* End PBXProject section */

/* Begin PBXReferenceProxy section */
		03785F6A1E2FEC1300A452F3 /* OpenSansSwift.framework */ = {
			isa = PBXReferenceProxy;
			fileType = wrapper.framework;
			path = OpenSansSwift.framework;
			remoteRef = 03785F691E2FEC1300A452F3 /* PBXContainerItemProxy */;
			sourceTree = BUILT_PRODUCTS_DIR;
		};
		03785F6C1E2FEC1300A452F3 /* OpenSansSwiftTests.xctest */ = {
			isa = PBXReferenceProxy;
			fileType = wrapper.cfbundle;
			path = OpenSansSwiftTests.xctest;
			remoteRef = 03785F6B1E2FEC1300A452F3 /* PBXContainerItemProxy */;
			sourceTree = BUILT_PRODUCTS_DIR;
		};
/* End PBXReferenceProxy section */

/* Begin PBXResourcesBuildPhase section */
		FBB60E581E1E0F050035D841 /* Resources */ = {
			isa = PBXResourcesBuildPhase;
			buildActionMask = 2147483647;
			files = (
				03F9E7B91EE9AD3900DC815C /* assets in Resources */,
				FBB60E681E1E0F050035D841 /* LaunchScreen.storyboard in Resources */,
				FBB60E651E1E0F050035D841 /* Assets.xcassets in Resources */,
				FBB60E631E1E0F050035D841 /* Main.storyboard in Resources */,
				0370AF761EDD86B5000D376B /* main.jsbundle in Resources */,
			);
			runOnlyForDeploymentPostprocessing = 0;
		};
		FBB60E6C1E1E0F050035D841 /* Resources */ = {
			isa = PBXResourcesBuildPhase;
			buildActionMask = 2147483647;
			files = (
			);
			runOnlyForDeploymentPostprocessing = 0;
		};
/* End PBXResourcesBuildPhase section */

/* Begin PBXShellScriptBuildPhase section */
		028A973DF94AB850634D62E6 /* [CP] Check Pods Manifest.lock */ = {
			isa = PBXShellScriptBuildPhase;
			buildActionMask = 2147483647;
			files = (
			);
			inputPaths = (
			);
			name = "[CP] Check Pods Manifest.lock";
			outputPaths = (
			);
			runOnlyForDeploymentPostprocessing = 0;
			shellPath = /bin/sh;
			shellScript = "diff \"${PODS_ROOT}/../Podfile.lock\" \"${PODS_ROOT}/Manifest.lock\" > /dev/null\nif [ $? != 0 ] ; then\n    # print error to STDERR\n    echo \"error: The sandbox is not in sync with the Podfile.lock. Run 'pod install' or update your CocoaPods installation.\" >&2\n    exit 1\nfi\n";
			showEnvVarsInLog = 0;
		};
		4F3AABC32FDAB9F2DD1538BB /* 📦 Embed Pods Frameworks */ = {
			isa = PBXShellScriptBuildPhase;
			buildActionMask = 2147483647;
			files = (
			);
			inputPaths = (
			);
			name = "📦 Embed Pods Frameworks";
			outputPaths = (
			);
			runOnlyForDeploymentPostprocessing = 0;
			shellPath = /bin/sh;
			shellScript = "\"${SRCROOT}/Pods/Target Support Files/Pods-Elliot/Pods-Elliot-frameworks.sh\"\n";
			showEnvVarsInLog = 0;
		};
		5C33A5FC2BAD45D754E86D18 /* [CP] Copy Pods Resources */ = {
			isa = PBXShellScriptBuildPhase;
			buildActionMask = 2147483647;
			files = (
			);
			inputPaths = (
			);
			name = "[CP] Copy Pods Resources";
			outputPaths = (
			);
			runOnlyForDeploymentPostprocessing = 0;
			shellPath = /bin/sh;
			shellScript = "\"${SRCROOT}/Pods/Target Support Files/Pods-Elliot/Pods-Elliot-resources.sh\"\n";
			showEnvVarsInLog = 0;
		};
		7992DDBE9CB240CF41BA5C33 /* [CP] Embed Pods Frameworks */ = {
			isa = PBXShellScriptBuildPhase;
			buildActionMask = 2147483647;
			files = (
			);
			inputPaths = (
			);
			name = "[CP] Embed Pods Frameworks";
			outputPaths = (
			);
			runOnlyForDeploymentPostprocessing = 0;
			shellPath = /bin/sh;
			shellScript = "\"${SRCROOT}/Pods/Target Support Files/Pods-Elliot/Pods-Elliot-frameworks.sh\"\n";
			showEnvVarsInLog = 0;
		};
		8FA6D2A9373F6F669A1732EE /* [CP] Check Pods Manifest.lock */ = {
			isa = PBXShellScriptBuildPhase;
			buildActionMask = 2147483647;
			files = (
			);
			inputPaths = (
			);
			name = "[CP] Check Pods Manifest.lock";
			outputPaths = (
			);
			runOnlyForDeploymentPostprocessing = 0;
			shellPath = /bin/sh;
			shellScript = "diff \"${PODS_PODFILE_DIR_PATH}/Podfile.lock\" \"${PODS_ROOT}/Manifest.lock\" > /dev/null\nif [ $? != 0 ] ; then\n    # print error to STDERR\n    echo \"error: The sandbox is not in sync with the Podfile.lock. Run 'pod install' or update your CocoaPods installation.\" >&2\n    exit 1\nfi\n";
			showEnvVarsInLog = 0;
		};
		FD6C97965F97846635AD97B1 /* 📦 Copy Pods Resources */ = {
			isa = PBXShellScriptBuildPhase;
			buildActionMask = 2147483647;
			files = (
			);
			inputPaths = (
			);
			name = "📦 Copy Pods Resources";
			outputPaths = (
			);
			runOnlyForDeploymentPostprocessing = 0;
			shellPath = /bin/sh;
			shellScript = "\"${SRCROOT}/Pods/Target Support Files/Pods-Elliot/Pods-Elliot-resources.sh\"\n";
			showEnvVarsInLog = 0;
		};
/* End PBXShellScriptBuildPhase section */

/* Begin PBXSourcesBuildPhase section */
		FBB60E561E1E0F050035D841 /* Sources */ = {
			isa = PBXSourcesBuildPhase;
			buildActionMask = 2147483647;
			files = (
				03785F701E30A7CB00A452F3 /* DeclineSuggestionTableViewCell.swift in Sources */,
				03C4B74A1E320B49000F1E60 /* ForwardToInviteCell.swift in Sources */,
				03785F6E1E300E8000A452F3 /* MeetingDetailTableViewCell.swift in Sources */,
				03A1E5961EAF431B00F21CE7 /* DifferentTimeCell.swift in Sources */,
				031DD2D11EBCE875001881B7 /* FindFriendsCell.swift in Sources */,
				03E739331E6A0B4800525383 /* UIViewController+Banner.swift in Sources */,
				0395E9CD1E20E76900A7CFD2 /* LoginViewController.swift in Sources */,
				03785F771E30C1D000A452F3 /* TimeBlockTableViewCell.swift in Sources */,
				034FD1011E2F8D7A007E6E1E /* UIColor+Elliot.swift in Sources */,
				03A393CD1E29239100661CEA /* MainTabBarController.swift in Sources */,
				03C1BCDF1EEEBFE6003246F3 /* ShareAccessBridge.m in Sources */,
				03422D331ED2E7EF009BB3F0 /* UINavigationBar+BottomBorder.swift in Sources */,
				03F9E7B71EE9808000DC815C /* NSNotificationAccessBridge.m in Sources */,
				031DD2D81EBD28F5001881B7 /* SearchController.swift in Sources */,
				037E52191E77536500F2738D /* DifferentTimeViewController.swift in Sources */,
				037047611E3124B5007912B6 /* NotificationsManager.swift in Sources */,
				031DD2CD1EBCE20E001881B7 /* FriendSearchViewController.swift in Sources */,
				033375A51E256079000A5C21 /* NetworkManager.swift in Sources */,
				03785F731E30C0B300A452F3 /* CalendarEventTableViewCell.swift in Sources */,
				0332A4151E3BF3C2006E8DCF /* BasicHighlightedButton.swift in Sources */,
				03F9E7AE1EE822E800DC815C /* LocationAccessBridge.m in Sources */,
				03AD35A41E2404FA002F9D6A /* ContactTableViewCell.swift in Sources */,
				03F909C51E39F4C9002D24CE /* NotificationNames.swift in Sources */,
				0332A41B1E3E550D006E8DCF /* UsageStats.swift in Sources */,
				0322D5411E2115C500239A3A /* LocationManager.swift in Sources */,
				0370AF671EDD642A000D376B /* ReactTestViewController.swift in Sources */,
				033375B01E268D0A000A5C21 /* MeetingDetailViewController.swift in Sources */,
				03A393D71E2B9EE800661CEA /* AlertController+Util.swift in Sources */,
				0370AF7B1EDDBE59000D376B /* ReactFactory.swift in Sources */,
				03A393D11E2A8B6100661CEA /* SuggestionTableViewCell.swift in Sources */,
				033375A81E2685ED000A5C21 /* MeetingsViewController.swift in Sources */,
				0322D54B1E223B3500239A3A /* DefaultsKeysExtension.swift in Sources */,
				031DD2CF1EBCE230001881B7 /* FriendSearchCell.swift in Sources */,
				03B0D81D1E81B3EE00E5E8D4 /* ExplanationCell.swift in Sources */,
				03C1BCDB1EEEBFAD003246F3 /* ShareAccess.swift in Sources */,
				03755F611E28E17D003EDAD9 /* Date+FormatUtil.swift in Sources */,
				03A393D51E2AC3A500661CEA /* AcceptSuggestionViewController.swift in Sources */,
				0395E9CF1E20FC7600A7CFD2 /* ContactsManager.swift in Sources */,
				03A393CF1E2A89DA00661CEA /* SuggestionsViewController.swift in Sources */,
				0322D54D1E22539C00239A3A /* CalendarManager.swift in Sources */,
				03422D371ED2FA25009BB3F0 /* SMSNotifManager.swift in Sources */,
				03422D351ED2F171009BB3F0 /* VerifyPhoneViewController.swift in Sources */,
				034FD0F41E2E6CA1007E6E1E /* AuthorizationManager.swift in Sources */,
				0370AF801EDDC7D5000D376B /* ReactTestConnector.swift in Sources */,
				0370AF821EDDC9FC000D376B /* ReactTestConnectorBridge.m in Sources */,
				FBB60E5E1E1E0F050035D841 /* AppDelegate.swift in Sources */,
				03F9E7A91EE821A000DC815C /* LocationAccess.swift in Sources */,
				0322D5451E22393E00239A3A /* PermissionsViewController.swift in Sources */,
				03755F631E28E780003EDAD9 /* Models.swift in Sources */,
				0322D54F1E2256E600239A3A /* AccessRequired.swift in Sources */,
				03F9E7B51EE9806900DC815C /* NSNotificationAccess.swift in Sources */,
				0322D5511E2272F000239A3A /* InviteViewController.swift in Sources */,
				033375AA1E268646000A5C21 /* MeetingsTableViewCell.swift in Sources */,
			);
			runOnlyForDeploymentPostprocessing = 0;
		};
		FBB60E6A1E1E0F050035D841 /* Sources */ = {
			isa = PBXSourcesBuildPhase;
			buildActionMask = 2147483647;
			files = (
				FBB60E731E1E0F050035D841 /* ElliotTests.swift in Sources */,
			);
			runOnlyForDeploymentPostprocessing = 0;
		};
/* End PBXSourcesBuildPhase section */

/* Begin PBXTargetDependency section */
		FBB60E701E1E0F050035D841 /* PBXTargetDependency */ = {
			isa = PBXTargetDependency;
			target = FBB60E591E1E0F050035D841 /* Elliot */;
			targetProxy = FBB60E6F1E1E0F050035D841 /* PBXContainerItemProxy */;
		};
/* End PBXTargetDependency section */

/* Begin PBXVariantGroup section */
		FBB60E611E1E0F050035D841 /* Main.storyboard */ = {
			isa = PBXVariantGroup;
			children = (
				FBB60E621E1E0F050035D841 /* Base */,
			);
			name = Main.storyboard;
			sourceTree = "<group>";
		};
		FBB60E661E1E0F050035D841 /* LaunchScreen.storyboard */ = {
			isa = PBXVariantGroup;
			children = (
				FBB60E671E1E0F050035D841 /* Base */,
			);
			name = LaunchScreen.storyboard;
			sourceTree = "<group>";
		};
/* End PBXVariantGroup section */

/* Begin XCBuildConfiguration section */
		0370AF7C1EDDC489000D376B /* Staging */ = {
			isa = XCBuildConfiguration;
			buildSettings = {
				ALWAYS_SEARCH_USER_PATHS = NO;
				CLANG_ANALYZER_NONNULL = YES;
				CLANG_CXX_LANGUAGE_STANDARD = "gnu++0x";
				CLANG_CXX_LIBRARY = "libc++";
				CLANG_ENABLE_MODULES = YES;
				CLANG_ENABLE_OBJC_ARC = YES;
				CLANG_WARN_BOOL_CONVERSION = YES;
				CLANG_WARN_CONSTANT_CONVERSION = YES;
				CLANG_WARN_DIRECT_OBJC_ISA_USAGE = YES_ERROR;
				CLANG_WARN_DOCUMENTATION_COMMENTS = YES;
				CLANG_WARN_EMPTY_BODY = YES;
				CLANG_WARN_ENUM_CONVERSION = YES;
				CLANG_WARN_INFINITE_RECURSION = YES;
				CLANG_WARN_INT_CONVERSION = YES;
				CLANG_WARN_OBJC_ROOT_CLASS = YES_ERROR;
				CLANG_WARN_SUSPICIOUS_MOVE = YES;
				CLANG_WARN_UNREACHABLE_CODE = YES;
				CLANG_WARN__DUPLICATE_METHOD_MATCH = YES;
				CODE_PUSH_KEY = f0_Q7aSTno8YKmLz6iHy43GB3E7k4kLR2XUW7;
				"CODE_SIGN_IDENTITY[sdk=iphoneos*]" = "iPhone Developer";
				COPY_PHASE_STRIP = NO;
				DEBUG_INFORMATION_FORMAT = "dwarf-with-dsym";
				ENABLE_NS_ASSERTIONS = NO;
				ENABLE_STRICT_OBJC_MSGSEND = YES;
				GCC_C_LANGUAGE_STANDARD = gnu99;
				GCC_NO_COMMON_BLOCKS = YES;
				GCC_WARN_64_TO_32_BIT_CONVERSION = YES;
				GCC_WARN_ABOUT_RETURN_TYPE = YES_ERROR;
				GCC_WARN_UNDECLARED_SELECTOR = YES;
				GCC_WARN_UNINITIALIZED_AUTOS = YES_AGGRESSIVE;
				GCC_WARN_UNUSED_FUNCTION = YES;
				GCC_WARN_UNUSED_VARIABLE = YES;
				IPHONEOS_DEPLOYMENT_TARGET = 10.2;
				MTL_ENABLE_DEBUG_INFO = NO;
				OTHER_SWIFT_FLAGS = "-D STAGING";
				SDKROOT = iphoneos;
				SWIFT_OPTIMIZATION_LEVEL = "-Owholemodule";
				TARGETED_DEVICE_FAMILY = "1,2";
				VALIDATE_PRODUCT = YES;
			};
			name = Staging;
		};
		0370AF7D1EDDC489000D376B /* Staging */ = {
			isa = XCBuildConfiguration;
			baseConfigurationReference = 0435F4315BE5D3FC4BE6C9D9 /* Pods-Elliot.staging.xcconfig */;
			buildSettings = {
				ASSETCATALOG_COMPILER_APPICON_NAME = AppIcon;
				CLANG_ENABLE_MODULES = YES;
				CODE_SIGN_ENTITLEMENTS = Elliot/Elliot.entitlements;
				"CODE_SIGN_IDENTITY[sdk=iphoneos*]" = "iPhone Developer";
				DEVELOPMENT_TEAM = ZN3S5P8EPC;
				FRAMEWORK_SEARCH_PATHS = (
					"$(inherited)",
					"\"$PODS_CONFIGURATION_BUILD_DIR/Alamofire\"",
					"\"$PODS_CONFIGURATION_BUILD_DIR/Bolts\"",
					"\"$PODS_CONFIGURATION_BUILD_DIR/FBSDKCoreKit\"",
					"\"$PODS_CONFIGURATION_BUILD_DIR/FBSDKLoginKit\"",
					"\"$PODS_CONFIGURATION_BUILD_DIR/FBSDKShareKit\"",
					"\"$PODS_CONFIGURATION_BUILD_DIR/FacebookCore\"",
					"\"$PODS_CONFIGURATION_BUILD_DIR/FacebookLogin\"",
					"\"$PODS_CONFIGURATION_BUILD_DIR/FacebookShare\"",
					"\"$PODS_CONFIGURATION_BUILD_DIR/KeychainAccess\"",
					"\"$PODS_CONFIGURATION_BUILD_DIR/Nuke\"",
					"\"$PODS_CONFIGURATION_BUILD_DIR/SwiftyJSON\"",
					"\"$PODS_CONFIGURATION_BUILD_DIR/SwiftyUserDefaults\"",
					"$(SRCROOT)",
				);
				INFOPLIST_FILE = Elliot/Info.plist;
				IPHONEOS_DEPLOYMENT_TARGET = 9.0;
				LD_RUNPATH_SEARCH_PATHS = "$(inherited) @executable_path/Frameworks";
				PRODUCT_BUNDLE_IDENTIFIER = "com.elliottech.elliot-debug";
				PRODUCT_NAME = "$(TARGET_NAME)";
				PROVISIONING_PROFILE = "";
				PROVISIONING_PROFILE_SPECIFIER = "";
				SWIFT_VERSION = 3.0;
				TARGETED_DEVICE_FAMILY = 1;
			};
			name = Staging;
		};
		0370AF7E1EDDC489000D376B /* Staging */ = {
			isa = XCBuildConfiguration;
			buildSettings = {
				ALWAYS_EMBED_SWIFT_STANDARD_LIBRARIES = YES;
				BUNDLE_LOADER = "$(TEST_HOST)";
				INFOPLIST_FILE = ElliotTests/Info.plist;
				LD_RUNPATH_SEARCH_PATHS = "$(inherited) @executable_path/Frameworks @loader_path/Frameworks";
				PRODUCT_BUNDLE_IDENTIFIER = com.elliottech.ElliotTests;
				PRODUCT_NAME = "$(TARGET_NAME)";
				SWIFT_VERSION = 3.0;
				TEST_HOST = "$(BUILT_PRODUCTS_DIR)/Elliot.app/Elliot";
			};
			name = Staging;
		};
		FBB60E751E1E0F050035D841 /* Debug */ = {
			isa = XCBuildConfiguration;
			buildSettings = {
				ALWAYS_SEARCH_USER_PATHS = NO;
				CLANG_ANALYZER_NONNULL = YES;
				CLANG_CXX_LANGUAGE_STANDARD = "gnu++0x";
				CLANG_CXX_LIBRARY = "libc++";
				CLANG_ENABLE_MODULES = YES;
				CLANG_ENABLE_OBJC_ARC = YES;
				CLANG_WARN_BOOL_CONVERSION = YES;
				CLANG_WARN_CONSTANT_CONVERSION = YES;
				CLANG_WARN_DIRECT_OBJC_ISA_USAGE = YES_ERROR;
				CLANG_WARN_DOCUMENTATION_COMMENTS = YES;
				CLANG_WARN_EMPTY_BODY = YES;
				CLANG_WARN_ENUM_CONVERSION = YES;
				CLANG_WARN_INFINITE_RECURSION = YES;
				CLANG_WARN_INT_CONVERSION = YES;
				CLANG_WARN_OBJC_ROOT_CLASS = YES_ERROR;
				CLANG_WARN_SUSPICIOUS_MOVE = YES;
				CLANG_WARN_UNREACHABLE_CODE = YES;
				CLANG_WARN__DUPLICATE_METHOD_MATCH = YES;
				CODE_PUSH_KEY = f0_Q7aSTno8YKmLz6iHy43GB3E7k4kLR2XUW7;
				"CODE_SIGN_IDENTITY[sdk=iphoneos*]" = "iPhone Developer";
				COPY_PHASE_STRIP = NO;
				DEBUG_INFORMATION_FORMAT = dwarf;
				ENABLE_STRICT_OBJC_MSGSEND = YES;
				ENABLE_TESTABILITY = YES;
				GCC_C_LANGUAGE_STANDARD = gnu99;
				GCC_DYNAMIC_NO_PIC = NO;
				GCC_NO_COMMON_BLOCKS = YES;
				GCC_OPTIMIZATION_LEVEL = 0;
				GCC_PREPROCESSOR_DEFINITIONS = (
					"DEBUG=1",
					"$(inherited)",
				);
				GCC_WARN_64_TO_32_BIT_CONVERSION = YES;
				GCC_WARN_ABOUT_RETURN_TYPE = YES_ERROR;
				GCC_WARN_UNDECLARED_SELECTOR = YES;
				GCC_WARN_UNINITIALIZED_AUTOS = YES_AGGRESSIVE;
				GCC_WARN_UNUSED_FUNCTION = YES;
				GCC_WARN_UNUSED_VARIABLE = YES;
				IPHONEOS_DEPLOYMENT_TARGET = 10.2;
				MTL_ENABLE_DEBUG_INFO = YES;
				ONLY_ACTIVE_ARCH = YES;
				OTHER_SWIFT_FLAGS = "-D DEBUG";
				SDKROOT = iphoneos;
				SWIFT_ACTIVE_COMPILATION_CONDITIONS = DEBUG;
				SWIFT_OPTIMIZATION_LEVEL = "-Onone";
				TARGETED_DEVICE_FAMILY = "1,2";
			};
			name = Debug;
		};
		FBB60E761E1E0F050035D841 /* Release */ = {
			isa = XCBuildConfiguration;
			buildSettings = {
				ALWAYS_SEARCH_USER_PATHS = NO;
				CLANG_ANALYZER_NONNULL = YES;
				CLANG_CXX_LANGUAGE_STANDARD = "gnu++0x";
				CLANG_CXX_LIBRARY = "libc++";
				CLANG_ENABLE_MODULES = YES;
				CLANG_ENABLE_OBJC_ARC = YES;
				CLANG_WARN_BOOL_CONVERSION = YES;
				CLANG_WARN_CONSTANT_CONVERSION = YES;
				CLANG_WARN_DIRECT_OBJC_ISA_USAGE = YES_ERROR;
				CLANG_WARN_DOCUMENTATION_COMMENTS = YES;
				CLANG_WARN_EMPTY_BODY = YES;
				CLANG_WARN_ENUM_CONVERSION = YES;
				CLANG_WARN_INFINITE_RECURSION = YES;
				CLANG_WARN_INT_CONVERSION = YES;
				CLANG_WARN_OBJC_ROOT_CLASS = YES_ERROR;
				CLANG_WARN_SUSPICIOUS_MOVE = YES;
				CLANG_WARN_UNREACHABLE_CODE = YES;
				CLANG_WARN__DUPLICATE_METHOD_MATCH = YES;
				CODE_PUSH_KEY = ogPCC7NbVSrh_HM2cM1xVUOMttES4kLR2XUW7;
				"CODE_SIGN_IDENTITY[sdk=iphoneos*]" = "iPhone Developer";
				COPY_PHASE_STRIP = NO;
				DEBUG_INFORMATION_FORMAT = "dwarf-with-dsym";
				ENABLE_NS_ASSERTIONS = NO;
				ENABLE_STRICT_OBJC_MSGSEND = YES;
				GCC_C_LANGUAGE_STANDARD = gnu99;
				GCC_NO_COMMON_BLOCKS = YES;
				GCC_WARN_64_TO_32_BIT_CONVERSION = YES;
				GCC_WARN_ABOUT_RETURN_TYPE = YES_ERROR;
				GCC_WARN_UNDECLARED_SELECTOR = YES;
				GCC_WARN_UNINITIALIZED_AUTOS = YES_AGGRESSIVE;
				GCC_WARN_UNUSED_FUNCTION = YES;
				GCC_WARN_UNUSED_VARIABLE = YES;
				IPHONEOS_DEPLOYMENT_TARGET = 10.2;
				MTL_ENABLE_DEBUG_INFO = NO;
				OTHER_SWIFT_FLAGS = "-D RELEASE";
				SDKROOT = iphoneos;
				SWIFT_OPTIMIZATION_LEVEL = "-Owholemodule";
				TARGETED_DEVICE_FAMILY = "1,2";
				VALIDATE_PRODUCT = YES;
			};
			name = Release;
		};
		FBB60E781E1E0F050035D841 /* Debug */ = {
			isa = XCBuildConfiguration;
			baseConfigurationReference = 208C3AF429C16137E7CD2ED6 /* Pods-Elliot.debug.xcconfig */;
			buildSettings = {
				ASSETCATALOG_COMPILER_APPICON_NAME = AppIcon;
				CLANG_ENABLE_MODULES = YES;
				CODE_SIGN_ENTITLEMENTS = Elliot/Elliot.entitlements;
				"CODE_SIGN_IDENTITY[sdk=iphoneos*]" = "iPhone Developer";
				DEVELOPMENT_TEAM = ZN3S5P8EPC;
				FRAMEWORK_SEARCH_PATHS = (
					"$(inherited)",
					"\"$PODS_CONFIGURATION_BUILD_DIR/Alamofire\"",
					"\"$PODS_CONFIGURATION_BUILD_DIR/Bolts\"",
					"\"$PODS_CONFIGURATION_BUILD_DIR/FBSDKCoreKit\"",
					"\"$PODS_CONFIGURATION_BUILD_DIR/FBSDKLoginKit\"",
					"\"$PODS_CONFIGURATION_BUILD_DIR/FBSDKShareKit\"",
					"\"$PODS_CONFIGURATION_BUILD_DIR/FacebookCore\"",
					"\"$PODS_CONFIGURATION_BUILD_DIR/FacebookLogin\"",
					"\"$PODS_CONFIGURATION_BUILD_DIR/FacebookShare\"",
					"\"$PODS_CONFIGURATION_BUILD_DIR/KeychainAccess\"",
					"\"$PODS_CONFIGURATION_BUILD_DIR/Nuke\"",
					"\"$PODS_CONFIGURATION_BUILD_DIR/SwiftyJSON\"",
					"\"$PODS_CONFIGURATION_BUILD_DIR/SwiftyUserDefaults\"",
					"$(SRCROOT)",
				);
				INFOPLIST_FILE = Elliot/Info.plist;
				IPHONEOS_DEPLOYMENT_TARGET = 9.0;
				LD_RUNPATH_SEARCH_PATHS = "$(inherited) @executable_path/Frameworks";
				PRODUCT_BUNDLE_IDENTIFIER = "com.elliottech.elliot-debug";
				PRODUCT_NAME = "$(TARGET_NAME)";
				PROVISIONING_PROFILE = "";
				PROVISIONING_PROFILE_SPECIFIER = "";
				SWIFT_OPTIMIZATION_LEVEL = "-Onone";
				SWIFT_VERSION = 3.0;
				TARGETED_DEVICE_FAMILY = 1;
			};
			name = Debug;
		};
		FBB60E791E1E0F050035D841 /* Release */ = {
			isa = XCBuildConfiguration;
			baseConfigurationReference = 70B7F05C9FC1F0E17A025FBE /* Pods-Elliot.release.xcconfig */;
			buildSettings = {
				ASSETCATALOG_COMPILER_APPICON_NAME = AppIcon;
				CLANG_ENABLE_MODULES = YES;
				CODE_SIGN_ENTITLEMENTS = Elliot/Elliot.entitlements;
				"CODE_SIGN_IDENTITY[sdk=iphoneos*]" = "iPhone Developer";
				DEVELOPMENT_TEAM = ZN3S5P8EPC;
				FRAMEWORK_SEARCH_PATHS = (
					"$(inherited)",
					"\"$PODS_CONFIGURATION_BUILD_DIR/Alamofire\"",
					"\"$PODS_CONFIGURATION_BUILD_DIR/Bolts\"",
					"\"$PODS_CONFIGURATION_BUILD_DIR/FBSDKCoreKit\"",
					"\"$PODS_CONFIGURATION_BUILD_DIR/FBSDKLoginKit\"",
					"\"$PODS_CONFIGURATION_BUILD_DIR/FBSDKShareKit\"",
					"\"$PODS_CONFIGURATION_BUILD_DIR/FacebookCore\"",
					"\"$PODS_CONFIGURATION_BUILD_DIR/FacebookLogin\"",
					"\"$PODS_CONFIGURATION_BUILD_DIR/FacebookShare\"",
					"\"$PODS_CONFIGURATION_BUILD_DIR/KeychainAccess\"",
					"\"$PODS_CONFIGURATION_BUILD_DIR/Nuke\"",
					"\"$PODS_CONFIGURATION_BUILD_DIR/SwiftyJSON\"",
					"\"$PODS_CONFIGURATION_BUILD_DIR/SwiftyUserDefaults\"",
					"$(SRCROOT)",
				);
				INFOPLIST_FILE = Elliot/Info.plist;
				IPHONEOS_DEPLOYMENT_TARGET = 9.0;
				LD_RUNPATH_SEARCH_PATHS = "$(inherited) @executable_path/Frameworks";
				PRODUCT_BUNDLE_IDENTIFIER = "com.elliottech.elliot-debug";
				PRODUCT_NAME = "$(TARGET_NAME)";
				PROVISIONING_PROFILE = "";
				PROVISIONING_PROFILE_SPECIFIER = "";
				SWIFT_VERSION = 3.0;
				TARGETED_DEVICE_FAMILY = 1;
			};
			name = Release;
		};
		FBB60E7B1E1E0F050035D841 /* Debug */ = {
			isa = XCBuildConfiguration;
			buildSettings = {
				ALWAYS_EMBED_SWIFT_STANDARD_LIBRARIES = YES;
				BUNDLE_LOADER = "$(TEST_HOST)";
				INFOPLIST_FILE = ElliotTests/Info.plist;
				LD_RUNPATH_SEARCH_PATHS = "$(inherited) @executable_path/Frameworks @loader_path/Frameworks";
				PRODUCT_BUNDLE_IDENTIFIER = com.elliottech.ElliotTests;
				PRODUCT_NAME = "$(TARGET_NAME)";
				SWIFT_VERSION = 3.0;
				TEST_HOST = "$(BUILT_PRODUCTS_DIR)/Elliot.app/Elliot";
			};
			name = Debug;
		};
		FBB60E7C1E1E0F050035D841 /* Release */ = {
			isa = XCBuildConfiguration;
			buildSettings = {
				ALWAYS_EMBED_SWIFT_STANDARD_LIBRARIES = YES;
				BUNDLE_LOADER = "$(TEST_HOST)";
				INFOPLIST_FILE = ElliotTests/Info.plist;
				LD_RUNPATH_SEARCH_PATHS = "$(inherited) @executable_path/Frameworks @loader_path/Frameworks";
				PRODUCT_BUNDLE_IDENTIFIER = com.elliottech.ElliotTests;
				PRODUCT_NAME = "$(TARGET_NAME)";
				SWIFT_VERSION = 3.0;
				TEST_HOST = "$(BUILT_PRODUCTS_DIR)/Elliot.app/Elliot";
			};
			name = Release;
		};
/* End XCBuildConfiguration section */

/* Begin XCConfigurationList section */
		FBB60E551E1E0F050035D841 /* Build configuration list for PBXProject "Elliot" */ = {
			isa = XCConfigurationList;
			buildConfigurations = (
				FBB60E751E1E0F050035D841 /* Debug */,
				FBB60E761E1E0F050035D841 /* Release */,
				0370AF7C1EDDC489000D376B /* Staging */,
			);
			defaultConfigurationIsVisible = 0;
			defaultConfigurationName = Debug;
		};
		FBB60E771E1E0F050035D841 /* Build configuration list for PBXNativeTarget "Elliot" */ = {
			isa = XCConfigurationList;
			buildConfigurations = (
				FBB60E781E1E0F050035D841 /* Debug */,
				FBB60E791E1E0F050035D841 /* Release */,
				0370AF7D1EDDC489000D376B /* Staging */,
			);
			defaultConfigurationIsVisible = 0;
			defaultConfigurationName = Debug;
		};
		FBB60E7A1E1E0F050035D841 /* Build configuration list for PBXNativeTarget "ElliotTests" */ = {
			isa = XCConfigurationList;
			buildConfigurations = (
				FBB60E7B1E1E0F050035D841 /* Debug */,
				FBB60E7C1E1E0F050035D841 /* Release */,
				0370AF7E1EDDC489000D376B /* Staging */,
			);
			defaultConfigurationIsVisible = 0;
			defaultConfigurationName = Debug;
		};
/* End XCConfigurationList section */
	};
	rootObject = FBB60E521E1E0F050035D841 /* Project object */;
}
