PODS:
  - Alamofire (4.2.0)
  - Bolts (1.8.4):
    - Bolts/AppLinks (= 1.8.4)
    - Bolts/Tasks (= 1.8.4)
  - Bolts/AppLinks (1.8.4):
    - Bolts/Tasks
  - Bolts/Tasks (1.8.4)
  - BRYXBanner (0.7.1)
  - CodePush (2.0.3):
    - CodePush/Core (= 2.0.3)
    - CodePush/SSZipArchive (= 2.0.3)
    - React
  - CodePush/Core (2.0.3):
    - React
  - CodePush/SSZipArchive (2.0.3):
    - React
  - FacebookCore (0.2.0):
    - Bolts (~> 1.8)
    - FBSDKCoreKit (~> 4.15)
  - FacebookLogin (0.2.0):
    - Bolts (~> 1.8)
    - FacebookCore (~> 0.2)
    - FBSDKCoreKit (~> 4.15)
    - FBSDKLoginKit (~> 4.15)
  - FacebookShare (0.2.0):
    - Bolts (~> 1.8)
    - FacebookCore (~> 0.2)
    - FBSDKCoreKit (~> 4.15)
    - FBSDKShareKit (~> 4.15)
  - FBSDKCoreKit (4.18.0):
    - Bolts (~> 1.7)
  - FBSDKLoginKit (4.18.0):
    - FBSDKCoreKit
  - FBSDKShareKit (4.18.0):
    - FBSDKCoreKit
  - KeychainAccess (3.0.1)
  - Nuke (4.1.2)
  - PhoneNumberKit (1.2.3):
    - PhoneNumberKit/PhoneNumberKitCore (= 1.2.3)
    - PhoneNumberKit/UIKit (= 1.2.3)
  - PhoneNumberKit/PhoneNumberKitCore (1.2.3)
  - PhoneNumberKit/UIKit (1.2.3):
    - PhoneNumberKit/PhoneNumberKitCore
  - Presentr (1.2.3)
  - React (0.44.0):
    - React/Core (= 0.44.0)
  - react-native-calendar-events (1.3.6):
    - React
  - react-native-contacts (0.8.1):
    - React
  - react-native-fbsdk (0.6.0):
    - React
    - react-native-fbsdk/Core (= 0.6.0)
    - react-native-fbsdk/Login (= 0.6.0)
    - react-native-fbsdk/Share (= 0.6.0)
  - react-native-fbsdk/Core (0.6.0):
    - FBSDKCoreKit
    - React
  - react-native-fbsdk/Login (0.6.0):
    - FBSDKLoginKit
    - React
  - react-native-fbsdk/Share (0.6.0):
    - FBSDKShareKit
    - React
  - React/Core (0.44.0):
    - React/cxxreact
    - Yoga (= 0.44.0.React)
  - React/cxxreact (0.44.0):
    - React/jschelpers
  - React/jschelpers (0.44.0)
  - React/RCTActionSheet (0.44.0):
    - React/Core
  - React/RCTImage (0.44.0):
    - React/Core
    - React/RCTNetwork
  - React/RCTLinkingIOS (0.44.0):
    - React/Core
  - React/RCTNetwork (0.44.0):
    - React/Core
  - React/RCTText (0.44.0):
    - React/Core
  - React/RCTWebSocket (0.44.0):
    - React/Core
  - ReactNativeLocalization (0.1.30):
    - React
  - ReactNativePermissions (0.2.7):
    - React
  - RNDeviceInfo (0.9.3):
    - React
  - RNShare (1.0.20):
    - React
  - RNVectorIcons (4.2.0):
    - React
  - SwiftyJSON (3.1.3)
  - SwiftyUserDefaults (3.0.0)
  - Yoga (0.44.0.React)

DEPENDENCIES:
  - Alamofire (~> 4.0)
  - BRYXBanner
  - CodePush (from `../node_modules/react-native-code-push`)
  - FacebookCore
  - FacebookLogin
  - FacebookShare
  - KeychainAccess
  - Nuke (~> 4.0)
  - PhoneNumberKit (~> 1.2)
  - Presentr
  - react-native-calendar-events (from `../node_modules/react-native-calendar-events`)
  - react-native-contacts (from `../node_modules/react-native-contacts`)
  - react-native-fbsdk (from `../node_modules/react-native-fbsdk/ios`)
  - React/Core (from `../node_modules/react-native`)
  - React/RCTActionSheet (from `../node_modules/react-native`)
  - React/RCTImage (from `../node_modules/react-native`)
  - React/RCTLinkingIOS (from `../node_modules/react-native`)
  - React/RCTNetwork (from `../node_modules/react-native`)
  - React/RCTText (from `../node_modules/react-native`)
  - React/RCTWebSocket (from `../node_modules/react-native`)
  - ReactNativeLocalization (from `../node_modules/react-native-localization/`)
  - ReactNativePermissions (from `../node_modules/react-native-permissions`)
  - RNDeviceInfo (from `../node_modules/react-native-device-info`)
  - RNShare (from `../node_modules/react-native-share`)
  - RNVectorIcons (from `../node_modules/react-native-vector-icons`)
  - SwiftyJSON
  - SwiftyUserDefaults
  - Yoga (from `../node_modules/react-native/ReactCommon/yoga`)

EXTERNAL SOURCES:
  CodePush:
    :path: ../node_modules/react-native-code-push
  React:
    :path: ../node_modules/react-native
  react-native-calendar-events:
    :path: ../node_modules/react-native-calendar-events
  react-native-contacts:
    :path: ../node_modules/react-native-contacts
  react-native-fbsdk:
    :path: ../node_modules/react-native-fbsdk/ios
  ReactNativeLocalization:
    :path: ../node_modules/react-native-localization/
  ReactNativePermissions:
    :path: ../node_modules/react-native-permissions
  RNDeviceInfo:
    :path: ../node_modules/react-native-device-info
  RNShare:
    :path: ../node_modules/react-native-share
  RNVectorIcons:
    :path: ../node_modules/react-native-vector-icons
  Yoga:
    :path: ../node_modules/react-native/ReactCommon/yoga

SPEC CHECKSUMS:
  Alamofire: aa2e09d871c9160ac53c90e83c68064a94e3dfbe
  Bolts: 8a7995239dbe724f9cba2248b766d48b7ebdd322
  BRYXBanner: 34eabf9c6c009f187948ca78a4f3bba3767d0f04
  CodePush: 2e2ffb214ddd52d13ab67e134945811f8ba316f2
  FacebookCore: 2cb3f0fbff218e9d3119cec84bae983b232412de
  FacebookLogin: c9d606504735780a9e3002465a615512e0a691a5
  FacebookShare: 8e9ee8ea06505e6a1d3d719b0cc63e840fb8aaeb
  FBSDKCoreKit: 15fef8804a4629f98c6f4e55e81a76c9d725d85e
  FBSDKLoginKit: 6773073e970b2b15fb12e451ce7f11da0532b880
  FBSDKShareKit: 0b8d6cc3f103c75297eb3c62caec284a2ccf1b9e
  KeychainAccess: 017ea25e313a49eda10bb19b0bb0760fb1edfe1a
  Nuke: 7cfd2acdf90c36f66e6ea40795bac0d851a9afe0
  PhoneNumberKit: 1e5cca669113fc361a8c82ec1ee559c62b8cd0f7
  Presentr: a21c7bbb3532c8ff60320e235c0a4869e72f8885
  React: d2077cc20245ccdc8bfe1fdc002f2003318ae8d8
  react-native-calendar-events: 90d9f3da1f9d4b7d04faad9640275c085140f017
  react-native-contacts: dbc9bb4f09079acf1f0fa931ce59232008936856
  react-native-fbsdk: b4fa61b104152f635c86974f8d467bef42365773
  ReactNativeLocalization: 69591a73e54a41e61fcf1cb2dc4b52c6a8e1e012
  ReactNativePermissions: b1347baacb2ac4a93581fe5f4d80ce7c0d581089
  RNDeviceInfo: dc3cbee96cd2392cf03d6ff6191dc15f1606a166
  RNShare: f58d823417bcdf71859c9afd7bb0cbcbb2b98e90
  RNVectorIcons: 6d98d83e944d15014d8071dd9819beb094c61133
  SwiftyJSON: 38a8ea2006779c0fc4c310cb2ee8195327740faf
  SwiftyUserDefaults: 0f1d45fc3aafb9064dac661e367f8f83fe21a4b4
  Yoga: a92a5d8e128905bf9f29c82f870192a6e873dd98

PODFILE CHECKSUM: 183532882d31c016be97365fb5a19403d360fe86

COCOAPODS: 1.2.1
